
Microsoft Visual Studio Solution File, Format Version 12.00
# Visual Studio Version 17
VisualStudioVersion = 17.5.33502.453
MinimumVisualStudioVersion = 10.0.40219.1
Project("{9A19103F-16F7-4668-BE54-9A1E7A4F7556}") = "bezloft.core", "bezloft.core\bezloft.core.csproj", "{DC358739-55D0-41F0-A110-C4A93BCD493C}"
EndProject
Project("{9A19103F-16F7-4668-BE54-9A1E7A4F7556}") = "bezloft.infrastructure", "bezloft.infrastructure\bezloft.infrastructure.csproj", "{39C8A01D-8E33-4D88-9E59-7DD60E6AF000}"
EndProject
Project("{9A19103F-16F7-4668-BE54-9A1E7A4F7556}") = "bezloft.application", "bezloft.application\bezloft.application.csproj", "{9228C1C3-3A60-4098-92D9-E95663EC851D}"
EndProject
Project("{FAE04EC0-301F-11D3-BF4B-00C04F79EFBC}") = "bezloft.tests", "bezloft.tests\bezloft.tests.csproj", "{6F6BFF2A-7978-47CE-80C3-F699D230A222}"
EndProject
Global
	GlobalSection(SolutionConfigurationPlatforms) = preSolution
		Debug|Any CPU = Debug|Any CPU
		Release|Any CPU = Release|Any CPU
	EndGlobalSection
	GlobalSection(ProjectConfigurationPlatforms) = postSolution
		{DC358739-55D0-41F0-A110-C4A93BCD493C}.Debug|Any CPU.ActiveCfg = Debug|Any CPU
		{DC358739-55D0-41F0-A110-C4A93BCD493C}.Debug|Any CPU.Build.0 = Debug|Any CPU
		{DC358739-55D0-41F0-A110-C4A93BCD493C}.Release|Any CPU.ActiveCfg = Release|Any CPU
		{DC358739-55D0-41F0-A110-C4A93BCD493C}.Release|Any CPU.Build.0 = Release|Any CPU
		{39C8A01D-8E33-4D88-9E59-7DD60E6AF000}.Debug|Any CPU.ActiveCfg = Debug|Any CPU
		{39C8A01D-8E33-4D88-9E59-7DD60E6AF000}.Debug|Any CPU.Build.0 = Debug|Any CPU
		{39C8A01D-8E33-4D88-9E59-7DD60E6AF000}.Release|Any CPU.ActiveCfg = Release|Any CPU
		{39C8A01D-8E33-4D88-9E59-7DD60E6AF000}.Release|Any CPU.Build.0 = Release|Any CPU
		{9228C1C3-3A60-4098-92D9-E95663EC851D}.Debug|Any CPU.ActiveCfg = Debug|Any CPU
		{9228C1C3-3A60-4098-92D9-E95663EC851D}.Debug|Any CPU.Build.0 = Debug|Any CPU
		{9228C1C3-3A60-4098-92D9-E95663EC851D}.Release|Any CPU.ActiveCfg = Release|Any CPU
		{9228C1C3-3A60-4098-92D9-E95663EC851D}.Release|Any CPU.Build.0 = Release|Any CPU
		{6F6BFF2A-7978-47CE-80C3-F699D230A222}.Debug|Any CPU.ActiveCfg = Debug|Any CPU
		{6F6BFF2A-7978-47CE-80C3-F699D230A222}.Debug|Any CPU.Build.0 = Debug|Any CPU
		{6F6BFF2A-7978-47CE-80C3-F699D230A222}.Release|Any CPU.ActiveCfg = Release|Any CPU
		{6F6BFF2A-7978-47CE-80C3-F699D230A222}.Release|Any CPU.Build.0 = Release|Any CPU
	EndGlobalSection
	GlobalSection(SolutionProperties) = preSolution
		HideSolutionNode = FALSE
	EndGlobalSection
	GlobalSection(ExtensibilityGlobals) = postSolution
		SolutionGuid = {4AD9B966-6318-484A-8A49-FBCF5ABF50C5}
	EndGlobalSection
EndGlobal
